{
  "requires": true,
  "lockfileVersion": 1,
  "dependencies": {
    "nativescript-email": {
      "version": "1.5.3",
      "resolved": "https://registry.npmjs.org/nativescript-email/-/nativescript-email-1.5.3.tgz",
      "integrity": "sha512-5Od/DpYips8NfHq1xY58qAvGwjDQR+AKeRNkIza6MDvGVT+m418CuviGj99dTpVfTI+NcEU2VilccStUXDHkdw=="
    },
    "ngx-ckeditor": {
      "version": "0.3.2",
      "resolved": "https://registry.npmjs.org/ngx-ckeditor/-/ngx-ckeditor-0.3.2.tgz",
      "integrity": "sha1-/CoLn3JBSlzhkquGoN7x1cP/OAc="
    }
  }
}
